
Microsoft Visual Studio Solution File, Format Version 12.00
# Visual Studio Version 16
VisualStudioVersion = 16.0.31729.503
MinimumVisualStudioVersion = 10.0.40219.1
Project("{FAE04EC0-301F-11D3-BF4B-00C04F79EFBC}") = "FishTracker.MVC", "FishTracker.MVC\FishTracker.MVC.csproj", "{A473D906-1588-47A1-9BFC-57562ED7CB6F}"
EndProject
Project("{FAE04EC0-301F-11D3-BF4B-00C04F79EFBC}") = "FishTracker.Data", "FishTracker.Data\FishTracker.Data.csproj", "{7CD26CB0-A870-4642-883C-C1A58FB6E163}"
EndProject
Project("{FAE04EC0-301F-11D3-BF4B-00C04F79EFBC}") = "FishTracker.Models", "FishTracker.Models\FishTracker.Models.csproj", "{817E34DC-51CD-457D-B722-E83A7FCD47D2}"
EndProject
Project("{FAE04EC0-301F-11D3-BF4B-00C04F79EFBC}") = "FishTracker.Services", "FishTracker.Services\FishTracker.Services.csproj", "{D059A199-DC88-4B64-8056-253C094BFD5F}"
EndProject
Global
	GlobalSection(SolutionConfigurationPlatforms) = preSolution
		Debug|Any CPU = Debug|Any CPU
		Release|Any CPU = Release|Any CPU
	EndGlobalSection
	GlobalSection(ProjectConfigurationPlatforms) = postSolution
		{A473D906-1588-47A1-9BFC-57562ED7CB6F}.Debug|Any CPU.ActiveCfg = Debug|Any CPU
		{A473D906-1588-47A1-9BFC-57562ED7CB6F}.Debug|Any CPU.Build.0 = Debug|Any CPU
		{A473D906-1588-47A1-9BFC-57562ED7CB6F}.Release|Any CPU.ActiveCfg = Release|Any CPU
		{A473D906-1588-47A1-9BFC-57562ED7CB6F}.Release|Any CPU.Build.0 = Release|Any CPU
		{7CD26CB0-A870-4642-883C-C1A58FB6E163}.Debug|Any CPU.ActiveCfg = Debug|Any CPU
		{7CD26CB0-A870-4642-883C-C1A58FB6E163}.Debug|Any CPU.Build.0 = Debug|Any CPU
		{7CD26CB0-A870-4642-883C-C1A58FB6E163}.Release|Any CPU.ActiveCfg = Release|Any CPU
		{7CD26CB0-A870-4642-883C-C1A58FB6E163}.Release|Any CPU.Build.0 = Release|Any CPU
		{817E34DC-51CD-457D-B722-E83A7FCD47D2}.Debug|Any CPU.ActiveCfg = Debug|Any CPU
		{817E34DC-51CD-457D-B722-E83A7FCD47D2}.Debug|Any CPU.Build.0 = Debug|Any CPU
		{817E34DC-51CD-457D-B722-E83A7FCD47D2}.Release|Any CPU.ActiveCfg = Release|Any CPU
		{817E34DC-51CD-457D-B722-E83A7FCD47D2}.Release|Any CPU.Build.0 = Release|Any CPU
		{D059A199-DC88-4B64-8056-253C094BFD5F}.Debug|Any CPU.ActiveCfg = Debug|Any CPU
		{D059A199-DC88-4B64-8056-253C094BFD5F}.Debug|Any CPU.Build.0 = Debug|Any CPU
		{D059A199-DC88-4B64-8056-253C094BFD5F}.Release|Any CPU.ActiveCfg = Release|Any CPU
		{D059A199-DC88-4B64-8056-253C094BFD5F}.Release|Any CPU.Build.0 = Release|Any CPU
	EndGlobalSection
	GlobalSection(SolutionProperties) = preSolution
		HideSolutionNode = FALSE
	EndGlobalSection
	GlobalSection(ExtensibilityGlobals) = postSolution
		SolutionGuid = {78229DD5-04B8-458B-89CF-7B4993F31871}
	EndGlobalSection
EndGlobal
